// !$*UTF8*$!
{
	archiveVersion = 1;
	classes = {
	};
	objectVersion = 56;
	objects = {

/* Begin PBXBuildFile section */
		8AB2D88A2C13473500597CA9 /* hike_swiftuiApp.swift in Sources */ = {isa = PBXBuildFile; fileRef = 8AB2D8892C13473500597CA9 /* hike_swiftuiApp.swift */; };
		8AB2D88C2C13473500597CA9 /* ContentView.swift in Sources */ = {isa = PBXBuildFile; fileRef = 8AB2D88B2C13473500597CA9 /* ContentView.swift */; };
		8AB2D88E2C13473800597CA9 /* Assets.xcassets in Resources */ = {isa = PBXBuildFile; fileRef = 8AB2D88D2C13473800597CA9 /* Assets.xcassets */; };
		8AB2D8912C13473800597CA9 /* Preview Assets.xcassets in Resources */ = {isa = PBXBuildFile; fileRef = 8AB2D8902C13473800597CA9 /* Preview Assets.xcassets */; };
		8AB2D8982C16535700597CA9 /* CardView.swift in Sources */ = {isa = PBXBuildFile; fileRef = 8AB2D8972C16535700597CA9 /* CardView.swift */; };
		8AB2D89B2C1654C400597CA9 /* CustomBackgroundView.swift in Sources */ = {isa = PBXBuildFile; fileRef = 8AB2D89A2C1654C400597CA9 /* CustomBackgroundView.swift */; };
		8AB2D89E2C16609600597CA9 /* ColorExtension.swift in Sources */ = {isa = PBXBuildFile; fileRef = 8AB2D89D2C16609600597CA9 /* ColorExtension.swift */; };
		8AB2D8A02C17A33E00597CA9 /* CustomButtonView.swift in Sources */ = {isa = PBXBuildFile; fileRef = 8AB2D89F2C17A33E00597CA9 /* CustomButtonView.swift */; };
		8AB2D8A22C17B29100597CA9 /* GradientButtonStyle.swift in Sources */ = {isa = PBXBuildFile; fileRef = 8AB2D8A12C17B29100597CA9 /* GradientButtonStyle.swift */; };
		8AF41B482C18F2A000ADF011 /* CustomCircleView.swift in Sources */ = {isa = PBXBuildFile; fileRef = 8AF41B472C18F2A000ADF011 /* CustomCircleView.swift */; };
		8AF41B4A2C18F46A00ADF011 /* MotionAnimationView.swift in Sources */ = {isa = PBXBuildFile; fileRef = 8AF41B492C18F46A00ADF011 /* MotionAnimationView.swift */; };
		8AF41B4D2C18FCE500ADF011 /* Settings.swift in Sources */ = {isa = PBXBuildFile; fileRef = 8AF41B4C2C18FCE500ADF011 /* Settings.swift */; };
/* End PBXBuildFile section */

/* Begin PBXFileReference section */
		8AB2D8862C13473500597CA9 /* hike_swiftui.app */ = {isa = PBXFileReference; explicitFileType = wrapper.application; includeInIndex = 0; path = hike_swiftui.app; sourceTree = BUILT_PRODUCTS_DIR; };
		8AB2D8892C13473500597CA9 /* hike_swiftuiApp.swift */ = {isa = PBXFileReference; lastKnownFileType = sourcecode.swift; path = hike_swiftuiApp.swift; sourceTree = "<group>"; };
		8AB2D88B2C13473500597CA9 /* ContentView.swift */ = {isa = PBXFileReference; lastKnownFileType = sourcecode.swift; path = ContentView.swift; sourceTree = "<group>"; };
		8AB2D88D2C13473800597CA9 /* Assets.xcassets */ = {isa = PBXFileReference; lastKnownFileType = folder.assetcatalog; path = Assets.xcassets; sourceTree = "<group>"; };
		8AB2D8902C13473800597CA9 /* Preview Assets.xcassets */ = {isa = PBXFileReference; lastKnownFileType = folder.assetcatalog; path = "Preview Assets.xcassets"; sourceTree = "<group>"; };
		8AB2D8972C16535700597CA9 /* CardView.swift */ = {isa = PBXFileReference; lastKnownFileType = sourcecode.swift; path = CardView.swift; sourceTree = "<group>"; };
		8AB2D89A2C1654C400597CA9 /* CustomBackgroundView.swift */ = {isa = PBXFileReference; lastKnownFileType = sourcecode.swift; path = CustomBackgroundView.swift; sourceTree = "<group>"; };
		8AB2D89D2C16609600597CA9 /* ColorExtension.swift */ = {isa = PBXFileReference; lastKnownFileType = sourcecode.swift; path = ColorExtension.swift; sourceTree = "<group>"; };
		8AB2D89F2C17A33E00597CA9 /* CustomButtonView.swift */ = {isa = PBXFileReference; lastKnownFileType = sourcecode.swift; path = CustomButtonView.swift; sourceTree = "<group>"; };
		8AB2D8A12C17B29100597CA9 /* GradientButtonStyle.swift */ = {isa = PBXFileReference; lastKnownFileType = sourcecode.swift; path = GradientButtonStyle.swift; sourceTree = "<group>"; };
		8AF41B472C18F2A000ADF011 /* CustomCircleView.swift */ = {isa = PBXFileReference; lastKnownFileType = sourcecode.swift; path = CustomCircleView.swift; sourceTree = "<group>"; };
		8AF41B492C18F46A00ADF011 /* MotionAnimationView.swift */ = {isa = PBXFileReference; lastKnownFileType = sourcecode.swift; path = MotionAnimationView.swift; sourceTree = "<group>"; };
		8AF41B4C2C18FCE500ADF011 /* Settings.swift */ = {isa = PBXFileReference; lastKnownFileType = sourcecode.swift; path = Settings.swift; sourceTree = "<group>"; };
/* End PBXFileReference section */

/* Begin PBXFrameworksBuildPhase section */
		8AB2D8832C13473500597CA9 /* Frameworks */ = {
			isa = PBXFrameworksBuildPhase;
			buildActionMask = 2147483647;
			files = (
			);
			runOnlyForDeploymentPostprocessing = 0;
		};
/* End PBXFrameworksBuildPhase section */

/* Begin PBXGroup section */
		8AB2D87D2C13473500597CA9 = {
			isa = PBXGroup;
			children = (
				8AB2D8882C13473500597CA9 /* hike_swiftui */,
				8AB2D8872C13473500597CA9 /* Products */,
			);
			sourceTree = "<group>";
		};
		8AB2D8872C13473500597CA9 /* Products */ = {
			isa = PBXGroup;
			children = (
				8AB2D8862C13473500597CA9 /* hike_swiftui.app */,
			);
			name = Products;
			sourceTree = "<group>";
		};
		8AB2D8882C13473500597CA9 /* hike_swiftui */ = {
			isa = PBXGroup;
			children = (
				8AB2D89C2C16608000597CA9 /* Utility */,
				8AB2D8892C13473500597CA9 /* hike_swiftuiApp.swift */,
				8AB2D88D2C13473800597CA9 /* Assets.xcassets */,
				8AB2D88F2C13473800597CA9 /* Preview Content */,
				8AB2D8992C16549A00597CA9 /* Component */,
				8AF41B4B2C18FB3A00ADF011 /* Screen */,
			);
			path = hike_swiftui;
			sourceTree = "<group>";
		};
		8AB2D88F2C13473800597CA9 /* Preview Content */ = {
			isa = PBXGroup;
			children = (
				8AB2D8902C13473800597CA9 /* Preview Assets.xcassets */,
			);
			path = "Preview Content";
			sourceTree = "<group>";
		};
		8AB2D8992C16549A00597CA9 /* Component */ = {
			isa = PBXGroup;
			children = (
				8AB2D8972C16535700597CA9 /* CardView.swift */,
				8AB2D89A2C1654C400597CA9 /* CustomBackgroundView.swift */,
				8AB2D89F2C17A33E00597CA9 /* CustomButtonView.swift */,
				8AF41B472C18F2A000ADF011 /* CustomCircleView.swift */,
				8AF41B492C18F46A00ADF011 /* MotionAnimationView.swift */,
			);
			path = Component;
			sourceTree = "<group>";
		};
		8AB2D89C2C16608000597CA9 /* Utility */ = {
			isa = PBXGroup;
			children = (
				8AB2D89D2C16609600597CA9 /* ColorExtension.swift */,
				8AB2D8A12C17B29100597CA9 /* GradientButtonStyle.swift */,
			);
			path = Utility;
			sourceTree = "<group>";
		};
		8AF41B4B2C18FB3A00ADF011 /* Screen */ = {
			isa = PBXGroup;
			children = (
				8AB2D88B2C13473500597CA9 /* ContentView.swift */,
				8AF41B4C2C18FCE500ADF011 /* Settings.swift */,
			);
			path = Screen;
			sourceTree = "<group>";
		};
/* End PBXGroup section */

/* Begin PBXNativeTarget section */
		8AB2D8852C13473500597CA9 /* hike_swiftui */ = {
			isa = PBXNativeTarget;
			buildConfigurationList = 8AB2D8942C13473800597CA9 /* Build configuration list for PBXNativeTarget "hike_swiftui" */;
			buildPhases = (
				8AB2D8822C13473500597CA9 /* Sources */,
				8AB2D8832C13473500597CA9 /* Frameworks */,
				8AB2D8842C13473500597CA9 /* Resources */,
			);
			buildRules = (
			);
			dependencies = (
			);
			name = hike_swiftui;
			productName = hike_swiftui;
			productReference = 8AB2D8862C13473500597CA9 /* hike_swiftui.app */;
			productType = "com.apple.product-type.application";
		};
/* End PBXNativeTarget section */

/* Begin PBXProject section */
		8AB2D87E2C13473500597CA9 /* Project object */ = {
			isa = PBXProject;
			attributes = {
				BuildIndependentTargetsInParallel = 1;
				LastSwiftUpdateCheck = 1500;
				LastUpgradeCheck = 1500;
				TargetAttributes = {
					8AB2D8852C13473500597CA9 = {
						CreatedOnToolsVersion = 15.0.1;
					};
				};
			};
			buildConfigurationList = 8AB2D8812C13473500597CA9 /* Build configuration list for PBXProject "hike_swiftui" */;
			compatibilityVersion = "Xcode 14.0";
			developmentRegion = en;
			hasScannedForEncodings = 0;
			knownRegions = (
				en,
				Base,
			);
			mainGroup = 8AB2D87D2C13473500597CA9;
			productRefGroup = 8AB2D8872C13473500597CA9 /* Products */;
			projectDirPath = "";
			projectRoot = "";
			targets = (
				8AB2D8852C13473500597CA9 /* hike_swiftui */,
			);
		};
/* End PBXProject section */

/* Begin PBXResourcesBuildPhase section */
		8AB2D8842C13473500597CA9 /* Resources */ = {
			isa = PBXResourcesBuildPhase;
			buildActionMask = 2147483647;
			files = (
				8AB2D8912C13473800597CA9 /* Preview Assets.xcassets in Resources */,
				8AB2D88E2C13473800597CA9 /* Assets.xcassets in Resources */,
			);
			runOnlyForDeploymentPostprocessing = 0;
		};
/* End PBXResourcesBuildPhase section */

/* Begin PBXSourcesBuildPhase section */
		8AB2D8822C13473500597CA9 /* Sources */ = {
			isa = PBXSourcesBuildPhase;
			buildActionMask = 2147483647;
			files = (
				8AB2D88C2C13473500597CA9 /* ContentView.swift in Sources */,
				8AF41B482C18F2A000ADF011 /* CustomCircleView.swift in Sources */,
				8AB2D8982C16535700597CA9 /* CardView.swift in Sources */,
				8AB2D88A2C13473500597CA9 /* hike_swiftuiApp.swift in Sources */,
				8AF41B4D2C18FCE500ADF011 /* Settings.swift in Sources */,
				8AB2D8A02C17A33E00597CA9 /* CustomButtonView.swift in Sources */,
				8AB2D8A22C17B29100597CA9 /* GradientButtonStyle.swift in Sources */,
				8AF41B4A2C18F46A00ADF011 /* MotionAnimationView.swift in Sources */,
				8AB2D89B2C1654C400597CA9 /* CustomBackgroundView.swift in Sources */,
				8AB2D89E2C16609600597CA9 /* ColorExtension.swift in Sources */,
			);
			runOnlyForDeploymentPostprocessing = 0;
		};
/* End PBXSourcesBuildPhase section */

/* Begin XCBuildConfiguration section */
		8AB2D8922C13473800597CA9 /* Debug */ = {
			isa = XCBuildConfiguration;
			buildSettings = {
				ALWAYS_SEARCH_USER_PATHS = NO;
				ASSETCATALOG_COMPILER_GENERATE_SWIFT_ASSET_SYMBOL_EXTENSIONS = YES;
				CLANG_ANALYZER_NONNULL = YES;
				CLANG_ANALYZER_NUMBER_OBJECT_CONVERSION = YES_AGGRESSIVE;
				CLANG_CXX_LANGUAGE_STANDARD = "gnu++20";
				CLANG_ENABLE_MODULES = YES;
				CLANG_ENABLE_OBJC_ARC = YES;
				CLANG_ENABLE_OBJC_WEAK = YES;
				CLANG_WARN_BLOCK_CAPTURE_AUTORELEASING = YES;
				CLANG_WARN_BOOL_CONVERSION = YES;
				CLANG_WARN_COMMA = YES;
				CLANG_WARN_CONSTANT_CONVERSION = YES;
				CLANG_WARN_DEPRECATED_OBJC_IMPLEMENTATIONS = YES;
				CLANG_WARN_DIRECT_OBJC_ISA_USAGE = YES_ERROR;
				CLANG_WARN_DOCUMENTATION_COMMENTS = YES;
				CLANG_WARN_EMPTY_BODY = YES;
				CLANG_WARN_ENUM_CONVERSION = YES;
				CLANG_WARN_INFINITE_RECURSION = YES;
				CLANG_WARN_INT_CONVERSION = YES;
				CLANG_WARN_NON_LITERAL_NULL_CONVERSION = YES;
				CLANG_WARN_OBJC_IMPLICIT_RETAIN_SELF = YES;
				CLANG_WARN_OBJC_LITERAL_CONVERSION = YES;
				CLANG_WARN_OBJC_ROOT_CLASS = YES_ERROR;
				CLANG_WARN_QUOTED_INCLUDE_IN_FRAMEWORK_HEADER = YES;
				CLANG_WARN_RANGE_LOOP_ANALYSIS = YES;
				CLANG_WARN_STRICT_PROTOTYPES = YES;
				CLANG_WARN_SUSPICIOUS_MOVE = YES;
				CLANG_WARN_UNGUARDED_AVAILABILITY = YES_AGGRESSIVE;
				CLANG_WARN_UNREACHABLE_CODE = YES;
				CLANG_WARN__DUPLICATE_METHOD_MATCH = YES;
				COPY_PHASE_STRIP = NO;
				DEBUG_INFORMATION_FORMAT = dwarf;
				ENABLE_STRICT_OBJC_MSGSEND = YES;
				ENABLE_TESTABILITY = YES;
				ENABLE_USER_SCRIPT_SANDBOXING = YES;
				GCC_C_LANGUAGE_STANDARD = gnu17;
				GCC_DYNAMIC_NO_PIC = NO;
				GCC_NO_COMMON_BLOCKS = YES;
				GCC_OPTIMIZATION_LEVEL = 0;
				GCC_PREPROCESSOR_DEFINITIONS = (
					"DEBUG=1",
					"$(inherited)",
				);
				GCC_WARN_64_TO_32_BIT_CONVERSION = YES;
				GCC_WARN_ABOUT_RETURN_TYPE = YES_ERROR;
				GCC_WARN_UNDECLARED_SELECTOR = YES;
				GCC_WARN_UNINITIALIZED_AUTOS = YES_AGGRESSIVE;
				GCC_WARN_UNUSED_FUNCTION = YES;
				GCC_WARN_UNUSED_VARIABLE = YES;
				IPHONEOS_DEPLOYMENT_TARGET = 17.0;
				LOCALIZATION_PREFERS_STRING_CATALOGS = YES;
				MTL_ENABLE_DEBUG_INFO = INCLUDE_SOURCE;
				MTL_FAST_MATH = YES;
				ONLY_ACTIVE_ARCH = YES;
				SDKROOT = iphoneos;
				SWIFT_ACTIVE_COMPILATION_CONDITIONS = "DEBUG $(inherited)";
				SWIFT_OPTIMIZATION_LEVEL = "-Onone";
			};
			name = Debug;
		};
		8AB2D8932C13473800597CA9 /* Release */ = {
			isa = XCBuildConfiguration;
			buildSettings = {
				ALWAYS_SEARCH_USER_PATHS = NO;
				ASSETCATALOG_COMPILER_GENERATE_SWIFT_ASSET_SYMBOL_EXTENSIONS = YES;
				CLANG_ANALYZER_NONNULL = YES;
				CLANG_ANALYZER_NUMBER_OBJECT_CONVERSION = YES_AGGRESSIVE;
				CLANG_CXX_LANGUAGE_STANDARD = "gnu++20";
				CLANG_ENABLE_MODULES = YES;
				CLANG_ENABLE_OBJC_ARC = YES;
				CLANG_ENABLE_OBJC_WEAK = YES;
				CLANG_WARN_BLOCK_CAPTURE_AUTORELEASING = YES;
				CLANG_WARN_BOOL_CONVERSION = YES;
				CLANG_WARN_COMMA = YES;
				CLANG_WARN_CONSTANT_CONVERSION = YES;
				CLANG_WARN_DEPRECATED_OBJC_IMPLEMENTATIONS = YES;
				CLANG_WARN_DIRECT_OBJC_ISA_USAGE = YES_ERROR;
				CLANG_WARN_DOCUMENTATION_COMMENTS = YES;
				CLANG_WARN_EMPTY_BODY = YES;
				CLANG_WARN_ENUM_CONVERSION = YES;
				CLANG_WARN_INFINITE_RECURSION = YES;
				CLANG_WARN_INT_CONVERSION = YES;
				CLANG_WARN_NON_LITERAL_NULL_CONVERSION = YES;
				CLANG_WARN_OBJC_IMPLICIT_RETAIN_SELF = YES;
				CLANG_WARN_OBJC_LITERAL_CONVERSION = YES;
				CLANG_WARN_OBJC_ROOT_CLASS = YES_ERROR;
				CLANG_WARN_QUOTED_INCLUDE_IN_FRAMEWORK_HEADER = YES;
				CLANG_WARN_RANGE_LOOP_ANALYSIS = YES;
				CLANG_WARN_STRICT_PROTOTYPES = YES;
				CLANG_WARN_SUSPICIOUS_MOVE = YES;
				CLANG_WARN_UNGUARDED_AVAILABILITY = YES_AGGRESSIVE;
				CLANG_WARN_UNREACHABLE_CODE = YES;
				CLANG_WARN__DUPLICATE_METHOD_MATCH = YES;
				COPY_PHASE_STRIP = NO;
				DEBUG_INFORMATION_FORMAT = "dwarf-with-dsym";
				ENABLE_NS_ASSERTIONS = NO;
				ENABLE_STRICT_OBJC_MSGSEND = YES;
				ENABLE_USER_SCRIPT_SANDBOXING = YES;
				GCC_C_LANGUAGE_STANDARD = gnu17;
				GCC_NO_COMMON_BLOCKS = YES;
				GCC_WARN_64_TO_32_BIT_CONVERSION = YES;
				GCC_WARN_ABOUT_RETURN_TYPE = YES_ERROR;
				GCC_WARN_UNDECLARED_SELECTOR = YES;
				GCC_WARN_UNINITIALIZED_AUTOS = YES_AGGRESSIVE;
				GCC_WARN_UNUSED_FUNCTION = YES;
				GCC_WARN_UNUSED_VARIABLE = YES;
				IPHONEOS_DEPLOYMENT_TARGET = 17.0;
				LOCALIZATION_PREFERS_STRING_CATALOGS = YES;
				MTL_ENABLE_DEBUG_INFO = NO;
				MTL_FAST_MATH = YES;
				SDKROOT = iphoneos;
				SWIFT_COMPILATION_MODE = wholemodule;
				VALIDATE_PRODUCT = YES;
			};
			name = Release;
		};
		8AB2D8952C13473800597CA9 /* Debug */ = {
			isa = XCBuildConfiguration;
			buildSettings = {
				ASSETCATALOG_COMPILER_APPICON_NAME = AppIcon;
				ASSETCATALOG_COMPILER_GLOBAL_ACCENT_COLOR_NAME = AccentColor;
				CODE_SIGN_STYLE = Automatic;
				CURRENT_PROJECT_VERSION = 1;
				DEVELOPMENT_ASSET_PATHS = "\"hike_swiftui/Preview Content\"";
				DEVELOPMENT_TEAM = 827H72CABH;
				ENABLE_PREVIEWS = YES;
				GENERATE_INFOPLIST_FILE = YES;
				INFOPLIST_KEY_UIApplicationSceneManifest_Generation = YES;
				INFOPLIST_KEY_UIApplicationSupportsIndirectInputEvents = YES;
				INFOPLIST_KEY_UILaunchScreen_Generation = YES;
				INFOPLIST_KEY_UISupportedInterfaceOrientations_iPad = "UIInterfaceOrientationPortrait UIInterfaceOrientationPortraitUpsideDown UIInterfaceOrientationLandscapeLeft UIInterfaceOrientationLandscapeRight";
				INFOPLIST_KEY_UISupportedInterfaceOrientations_iPhone = "UIInterfaceOrientationPortrait UIInterfaceOrientationLandscapeLeft UIInterfaceOrientationLandscapeRight";
				LD_RUNPATH_SEARCH_PATHS = (
					"$(inherited)",
					"@executable_path/Frameworks",
				);
				MARKETING_VERSION = 1.0;
				PRODUCT_BUNDLE_IDENTIFIER = "com.koichi.hike-swiftui";
				PRODUCT_NAME = "$(TARGET_NAME)";
				SWIFT_EMIT_LOC_STRINGS = YES;
				SWIFT_VERSION = 5.0;
				TARGETED_DEVICE_FAMILY = "1,2";
			};
			name = Debug;
		};
		8AB2D8962C13473800597CA9 /* Release */ = {
			isa = XCBuildConfiguration;
			buildSettings = {
				ASSETCATALOG_COMPILER_APPICON_NAME = AppIcon;
				ASSETCATALOG_COMPILER_GLOBAL_ACCENT_COLOR_NAME = AccentColor;
				CODE_SIGN_STYLE = Automatic;
				CURRENT_PROJECT_VERSION = 1;
				DEVELOPMENT_ASSET_PATHS = "\"hike_swiftui/Preview Content\"";
				DEVELOPMENT_TEAM = 827H72CABH;
				ENABLE_PREVIEWS = YES;
				GENERATE_INFOPLIST_FILE = YES;
				INFOPLIST_KEY_UIApplicationSceneManifest_Generation = YES;
				INFOPLIST_KEY_UIApplicationSupportsIndirectInputEvents = YES;
				INFOPLIST_KEY_UILaunchScreen_Generation = YES;
				INFOPLIST_KEY_UISupportedInterfaceOrientations_iPad = "UIInterfaceOrientationPortrait UIInterfaceOrientationPortraitUpsideDown UIInterfaceOrientationLandscapeLeft UIInterfaceOrientationLandscapeRight";
				INFOPLIST_KEY_UISupportedInterfaceOrientations_iPhone = "UIInterfaceOrientationPortrait UIInterfaceOrientationLandscapeLeft UIInterfaceOrientationLandscapeRight";
				LD_RUNPATH_SEARCH_PATHS = (
					"$(inherited)",
					"@executable_path/Frameworks",
				);
				MARKETING_VERSION = 1.0;
				PRODUCT_BUNDLE_IDENTIFIER = "com.koichi.hike-swiftui";
				PRODUCT_NAME = "$(TARGET_NAME)";
				SWIFT_EMIT_LOC_STRINGS = YES;
				SWIFT_VERSION = 5.0;
				TARGETED_DEVICE_FAMILY = "1,2";
			};
			name = Release;
		};
/* End XCBuildConfiguration section */

/* Begin XCConfigurationList section */
		8AB2D8812C13473500597CA9 /* Build configuration list for PBXProject "hike_swiftui" */ = {
			isa = XCConfigurationList;
			buildConfigurations = (
				8AB2D8922C13473800597CA9 /* Debug */,
				8AB2D8932C13473800597CA9 /* Release */,
			);
			defaultConfigurationIsVisible = 0;
			defaultConfigurationName = Release;
		};
		8AB2D8942C13473800597CA9 /* Build configuration list for PBXNativeTarget "hike_swiftui" */ = {
			isa = XCConfigurationList;
			buildConfigurations = (
				8AB2D8952C13473800597CA9 /* Debug */,
				8AB2D8962C13473800597CA9 /* Release */,
			);
			defaultConfigurationIsVisible = 0;
			defaultConfigurationName = Release;
		};
/* End XCConfigurationList section */
	};
	rootObject = 8AB2D87E2C13473500597CA9 /* Project object */;
}
